{
  "name": "Shopify task",
  "lockfileVersion": 2,
  "requires": true,
  "packages": {
    "": {
      "dependencies": {
        "@fontsource/barlow": "^4.5.9"
      }
    },
    "node_modules/@fontsource/barlow": {
      "version": "4.5.9",
      "resolved": "https://registry.npmjs.org/@fontsource/barlow/-/barlow-4.5.9.tgz",
      "integrity": "sha512-Nzg7bpw6raZtNdHwvLIt6ue/Gas/tpsNyf7zrRvVdV38iOrtOip2aabO3lexEyiYkKjKrlqAjEyAtTrC2XfkRg=="
    }
  },
  "dependencies": {
    "@fontsource/barlow": {
      "version": "4.5.9",
      "resolved": "https://registry.npmjs.org/@fontsource/barlow/-/barlow-4.5.9.tgz",
      "integrity": "sha512-Nzg7bpw6raZtNdHwvLIt6ue/Gas/tpsNyf7zrRvVdV38iOrtOip2aabO3lexEyiYkKjKrlqAjEyAtTrC2XfkRg=="
    }
  }
}
